
Microsoft Visual Studio Solution File, Format Version 12.00
# Visual Studio Version 17
VisualStudioVersion = 17.11.35327.3
MinimumVisualStudioVersion = 10.0.40219.1
Project("{FAE04EC0-301F-11D3-BF4B-00C04F79EFBC}") = "vidu3", "vidu3.csproj", "{D572F361-3248-49B2-8011-286671D7052D}"
EndProject
Global
	GlobalSection(SolutionConfigurationPlatforms) = preSolution
		Debug|Any CPU = Debug|Any CPU
		Release|Any CPU = Release|Any CPU
	EndGlobalSection
	GlobalSection(ProjectConfigurationPlatforms) = postSolution
		{D572F361-3248-49B2-8011-286671D7052D}.Debug|Any CPU.ActiveCfg = Debug|Any CPU
		{D572F361-3248-49B2-8011-286671D7052D}.Debug|Any CPU.Build.0 = Debug|Any CPU
		{D572F361-3248-49B2-8011-286671D7052D}.Release|Any CPU.ActiveCfg = Release|Any CPU
		{D572F361-3248-49B2-8011-286671D7052D}.Release|Any CPU.Build.0 = Release|Any CPU
	EndGlobalSection
	GlobalSection(SolutionProperties) = preSolution
		HideSolutionNode = FALSE
	EndGlobalSection
	GlobalSection(ExtensibilityGlobals) = postSolution
		SolutionGuid = {A321819A-70AD-45C7-BC12-4BBFD988E2DB}
	EndGlobalSection
EndGlobal
